
Microsoft Visual Studio Solution File, Format Version 12.00
# Visual Studio Version 17
VisualStudioVersion = 17.0.31912.275
MinimumVisualStudioVersion = 10.0.40219.1
Project("{FAE04EC0-301F-11D3-BF4B-00C04F79EFBC}") = "Entities", "Entities\Entities.csproj", "{8842C541-01DD-4376-A066-337260234357}"
EndProject
Project("{FAE04EC0-301F-11D3-BF4B-00C04F79EFBC}") = "Core", "Core\Core.csproj", "{5C7A36A5-F74A-450F-BF19-4EF4C3D0969C}"
EndProject
Project("{FAE04EC0-301F-11D3-BF4B-00C04F79EFBC}") = "Business", "Business\Business.csproj", "{A4DA95D7-E61F-4C94-B65F-3954334094C8}"
EndProject
Project("{FAE04EC0-301F-11D3-BF4B-00C04F79EFBC}") = "DataAccess", "DataAccess\DataAccess.csproj", "{3CEFB336-5E90-4C81-93B2-0ECD17F53373}"
EndProject
Project("{FAE04EC0-301F-11D3-BF4B-00C04F79EFBC}") = "WebUI", "WebUI\WebUI.csproj", "{0B445642-0E4A-428E-B593-40612C11AD85}"
EndProject
Global
	GlobalSection(SolutionConfigurationPlatforms) = preSolution
		Debug|Any CPU = Debug|Any CPU
		Release|Any CPU = Release|Any CPU
	EndGlobalSection
	GlobalSection(ProjectConfigurationPlatforms) = postSolution
		{8842C541-01DD-4376-A066-337260234357}.Debug|Any CPU.ActiveCfg = Debug|Any CPU
		{8842C541-01DD-4376-A066-337260234357}.Debug|Any CPU.Build.0 = Debug|Any CPU
		{8842C541-01DD-4376-A066-337260234357}.Release|Any CPU.ActiveCfg = Release|Any CPU
		{8842C541-01DD-4376-A066-337260234357}.Release|Any CPU.Build.0 = Release|Any CPU
		{5C7A36A5-F74A-450F-BF19-4EF4C3D0969C}.Debug|Any CPU.ActiveCfg = Debug|Any CPU
		{5C7A36A5-F74A-450F-BF19-4EF4C3D0969C}.Debug|Any CPU.Build.0 = Debug|Any CPU
		{5C7A36A5-F74A-450F-BF19-4EF4C3D0969C}.Release|Any CPU.ActiveCfg = Release|Any CPU
		{5C7A36A5-F74A-450F-BF19-4EF4C3D0969C}.Release|Any CPU.Build.0 = Release|Any CPU
		{A4DA95D7-E61F-4C94-B65F-3954334094C8}.Debug|Any CPU.ActiveCfg = Debug|Any CPU
		{A4DA95D7-E61F-4C94-B65F-3954334094C8}.Debug|Any CPU.Build.0 = Debug|Any CPU
		{A4DA95D7-E61F-4C94-B65F-3954334094C8}.Release|Any CPU.ActiveCfg = Release|Any CPU
		{A4DA95D7-E61F-4C94-B65F-3954334094C8}.Release|Any CPU.Build.0 = Release|Any CPU
		{3CEFB336-5E90-4C81-93B2-0ECD17F53373}.Debug|Any CPU.ActiveCfg = Debug|Any CPU
		{3CEFB336-5E90-4C81-93B2-0ECD17F53373}.Debug|Any CPU.Build.0 = Debug|Any CPU
		{3CEFB336-5E90-4C81-93B2-0ECD17F53373}.Release|Any CPU.ActiveCfg = Release|Any CPU
		{3CEFB336-5E90-4C81-93B2-0ECD17F53373}.Release|Any CPU.Build.0 = Release|Any CPU
		{0B445642-0E4A-428E-B593-40612C11AD85}.Debug|Any CPU.ActiveCfg = Debug|Any CPU
		{0B445642-0E4A-428E-B593-40612C11AD85}.Debug|Any CPU.Build.0 = Debug|Any CPU
		{0B445642-0E4A-428E-B593-40612C11AD85}.Release|Any CPU.ActiveCfg = Release|Any CPU
		{0B445642-0E4A-428E-B593-40612C11AD85}.Release|Any CPU.Build.0 = Release|Any CPU
	EndGlobalSection
	GlobalSection(SolutionProperties) = preSolution
		HideSolutionNode = FALSE
	EndGlobalSection
	GlobalSection(ExtensibilityGlobals) = postSolution
		SolutionGuid = {999521CF-A10A-4BA2-9869-69C2E3B88CCF}
	EndGlobalSection
EndGlobal
